
Microsoft Visual Studio Solution File, Format Version 12.00
# Visual Studio Version 16
VisualStudioVersion = 16.0.31515.178
MinimumVisualStudioVersion = 10.0.40219.1
Project("{FAE04EC0-301F-11D3-BF4B-00C04F79EFBC}") = "SceneReorder", "SceneReorder\SceneReorder.csproj", "{AE37FA73-CCDD-43EE-AD4C-DE1FDF64F845}"
EndProject
Global
	GlobalSection(SolutionConfigurationPlatforms) = preSolution
		Debug|Any CPU = Debug|Any CPU
		Release|Any CPU = Release|Any CPU
	EndGlobalSection
	GlobalSection(ProjectConfigurationPlatforms) = postSolution
		{AE37FA73-CCDD-43EE-AD4C-DE1FDF64F845}.Debug|Any CPU.ActiveCfg = Debug|Any CPU
		{AE37FA73-CCDD-43EE-AD4C-DE1FDF64F845}.Debug|Any CPU.Build.0 = Debug|Any CPU
		{AE37FA73-CCDD-43EE-AD4C-DE1FDF64F845}.Release|Any CPU.ActiveCfg = Release|Any CPU
		{AE37FA73-CCDD-43EE-AD4C-DE1FDF64F845}.Release|Any CPU.Build.0 = Release|Any CPU
	EndGlobalSection
	GlobalSection(SolutionProperties) = preSolution
		HideSolutionNode = FALSE
	EndGlobalSection
	GlobalSection(ExtensibilityGlobals) = postSolution
		SolutionGuid = {BF1E1398-B0DF-4A34-AA18-F75094E072AD}
	EndGlobalSection
EndGlobal
